{
  "object": {
    "pins": [
      {
        "package": "LiveValues",
        "repositoryURL": "https://github.com/hexagons/LiveValues.git",
        "state": {
          "branch": null,
          "revision": "49a7f71406c3093f7d33be349e412b91dbd6588b",
          "version": "1.1.9"
        }
      },
      {
        "package": "PixelKit",
        "repositoryURL": "https://github.com/hexagons/PixelKit.git",
        "state": {
          "branch": null,
          "revision": "2d519379c1826ece1eb2cd080ed3e4092e58e7a1",
          "version": "1.0.2"
        }
      },
      {
        "package": "RenderKit",
        "repositoryURL": "https://github.com/hexagons/RenderKit.git",
        "state": {
          "branch": null,
          "revision": "d06b969a499fbce1d1b33defb0268a216ed9778d",
          "version": "0.3.9"
        }
      },
      {
        "package": "ShellOut",
        "repositoryURL": "https://github.com/JohnSundell/ShellOut.git",
        "state": {
          "branch": null,
          "revision": "e1577acf2b6e90086d01a6d5e2b8efdaae033568",
          "version": "2.3.0"
        }
      },
      {
        "package": "swift-argument-parser",
        "repositoryURL": "https://github.com/apple/swift-argument-parser",
        "state": {
          "branch": null,
          "revision": "35b76bf577d3cc74820f8991894ce3bcdf024ddc",
          "version": "0.0.2"
        }
      }
    ]
  },
  "version": 1
}
